<<<<<<< HEAD
﻿
Microsoft Visual Studio Solution File, Format Version 12.00
# Visual Studio 15
VisualStudioVersion = 15.0.28010.2048
MinimumVisualStudioVersion = 10.0.40219.1
Project("{FAE04EC0-301F-11D3-BF4B-00C04F79EFBC}") = "WebSocketClient", "WebSocketClient\WebSocketClient.csproj", "{3C3CF69C-2A59-4672-B22F-C7A92E4D99D5}"
EndProject
Global
	GlobalSection(SolutionConfigurationPlatforms) = preSolution
		Debug|Any CPU = Debug|Any CPU
		Release|Any CPU = Release|Any CPU
	EndGlobalSection
	GlobalSection(ProjectConfigurationPlatforms) = postSolution
		{3C3CF69C-2A59-4672-B22F-C7A92E4D99D5}.Debug|Any CPU.ActiveCfg = Debug|Any CPU
		{3C3CF69C-2A59-4672-B22F-C7A92E4D99D5}.Debug|Any CPU.Build.0 = Debug|Any CPU
		{3C3CF69C-2A59-4672-B22F-C7A92E4D99D5}.Release|Any CPU.ActiveCfg = Release|Any CPU
		{3C3CF69C-2A59-4672-B22F-C7A92E4D99D5}.Release|Any CPU.Build.0 = Release|Any CPU
	EndGlobalSection
	GlobalSection(SolutionProperties) = preSolution
		HideSolutionNode = FALSE
	EndGlobalSection
	GlobalSection(ExtensibilityGlobals) = postSolution
		SolutionGuid = {BEC0CD11-EE39-446A-A364-344A05EE3586}
	EndGlobalSection
EndGlobal
=======
﻿
Microsoft Visual Studio Solution File, Format Version 12.00
# Visual Studio 15
VisualStudioVersion = 15.0.28010.2048
MinimumVisualStudioVersion = 10.0.40219.1
Project("{FAE04EC0-301F-11D3-BF4B-00C04F79EFBC}") = "WebSocketClient", "WebSocketClient\WebSocketClient.csproj", "{3C3CF69C-2A59-4672-B22F-C7A92E4D99D5}"
EndProject
Global
	GlobalSection(SolutionConfigurationPlatforms) = preSolution
		Debug|Any CPU = Debug|Any CPU
		Release|Any CPU = Release|Any CPU
	EndGlobalSection
	GlobalSection(ProjectConfigurationPlatforms) = postSolution
		{3C3CF69C-2A59-4672-B22F-C7A92E4D99D5}.Debug|Any CPU.ActiveCfg = Debug|Any CPU
		{3C3CF69C-2A59-4672-B22F-C7A92E4D99D5}.Debug|Any CPU.Build.0 = Debug|Any CPU
		{3C3CF69C-2A59-4672-B22F-C7A92E4D99D5}.Release|Any CPU.ActiveCfg = Release|Any CPU
		{3C3CF69C-2A59-4672-B22F-C7A92E4D99D5}.Release|Any CPU.Build.0 = Release|Any CPU
	EndGlobalSection
	GlobalSection(SolutionProperties) = preSolution
		HideSolutionNode = FALSE
	EndGlobalSection
	GlobalSection(ExtensibilityGlobals) = postSolution
		SolutionGuid = {BEC0CD11-EE39-446A-A364-344A05EE3586}
	EndGlobalSection
EndGlobal
>>>>>>> 04b101eca450f9fc4a90d2653ee78f5b943cbd5e
